// !$*UTF8*$!
{
	archiveVersion = 1;
	classes = {
	};
	objectVersion = 46;
	objects = {

/* Begin PBXBuildFile section */
		7C4F98071D30491100F6EAB2 /* MusicPlayerViewController.swift in Sources */ = {isa = PBXBuildFile; fileRef = 7C4F98061D30491100F6EAB2 /* MusicPlayerViewController.swift */; };
		7CE339D51D2BAD4900976405 /* AppDelegate.swift in Sources */ = {isa = PBXBuildFile; fileRef = 7CE339D41D2BAD4900976405 /* AppDelegate.swift */; };
		7CE339D71D2BAD4900976405 /* ViewController.swift in Sources */ = {isa = PBXBuildFile; fileRef = 7CE339D61D2BAD4900976405 /* ViewController.swift */; };
		7CE339DA1D2BAD4900976405 /* Main.storyboard in Resources */ = {isa = PBXBuildFile; fileRef = 7CE339D81D2BAD4900976405 /* Main.storyboard */; };
		7CE339DC1D2BAD4900976405 /* Assets.xcassets in Resources */ = {isa = PBXBuildFile; fileRef = 7CE339DB1D2BAD4900976405 /* Assets.xcassets */; };
		7CE339DF1D2BAD4900976405 /* LaunchScreen.storyboard in Resources */ = {isa = PBXBuildFile; fileRef = 7CE339DD1D2BAD4900976405 /* LaunchScreen.storyboard */; };
		7CE339EA1D2BB03A00976405 /* Queries.swift in Sources */ = {isa = PBXBuildFile; fileRef = 7CE339E91D2BB03A00976405 /* Queries.swift */; };
		7CE339EC1D2BBDED00976405 /* Authorization.swift in Sources */ = {isa = PBXBuildFile; fileRef = 7CE339EB1D2BBDED00976405 /* Authorization.swift */; };
		7CE339EE1D2C77C700976405 /* region.json in Resources */ = {isa = PBXBuildFile; fileRef = 7CE339ED1D2C77C700976405 /* region.json */; };
/* End PBXBuildFile section */

/* Begin PBXFileReference section */
		7C4F98061D30491100F6EAB2 /* MusicPlayerViewController.swift */ = {isa = PBXFileReference; fileEncoding = 4; lastKnownFileType = sourcecode.swift; path = MusicPlayerViewController.swift; sourceTree = "<group>"; };
		7CE339D11D2BAD4900976405 /* Sesh.app */ = {isa = PBXFileReference; explicitFileType = wrapper.application; includeInIndex = 0; path = Sesh.app; sourceTree = BUILT_PRODUCTS_DIR; };
		7CE339D41D2BAD4900976405 /* AppDelegate.swift */ = {isa = PBXFileReference; lastKnownFileType = sourcecode.swift; path = AppDelegate.swift; sourceTree = "<group>"; };
		7CE339D61D2BAD4900976405 /* ViewController.swift */ = {isa = PBXFileReference; lastKnownFileType = sourcecode.swift; path = ViewController.swift; sourceTree = "<group>"; };
		7CE339D91D2BAD4900976405 /* Base */ = {isa = PBXFileReference; lastKnownFileType = file.storyboard; name = Base; path = Base.lproj/Main.storyboard; sourceTree = "<group>"; };
		7CE339DB1D2BAD4900976405 /* Assets.xcassets */ = {isa = PBXFileReference; lastKnownFileType = folder.assetcatalog; path = Assets.xcassets; sourceTree = "<group>"; };
		7CE339DE1D2BAD4900976405 /* Base */ = {isa = PBXFileReference; lastKnownFileType = file.storyboard; name = Base; path = Base.lproj/LaunchScreen.storyboard; sourceTree = "<group>"; };
		7CE339E01D2BAD4900976405 /* Info.plist */ = {isa = PBXFileReference; lastKnownFileType = text.plist.xml; path = Info.plist; sourceTree = "<group>"; };
		7CE339E61D2BAD6A00976405 /* Sesh.entitlements */ = {isa = PBXFileReference; lastKnownFileType = text.xml; path = Sesh.entitlements; sourceTree = "<group>"; };
		7CE339E91D2BB03A00976405 /* Queries.swift */ = {isa = PBXFileReference; fileEncoding = 4; lastKnownFileType = sourcecode.swift; path = Queries.swift; sourceTree = "<group>"; };
		7CE339EB1D2BBDED00976405 /* Authorization.swift */ = {isa = PBXFileReference; fileEncoding = 4; lastKnownFileType = sourcecode.swift; path = Authorization.swift; sourceTree = "<group>"; };
		7CE339ED1D2C77C700976405 /* region.json */ = {isa = PBXFileReference; fileEncoding = 4; lastKnownFileType = text.json; name = region.json; path = ../../Coding/CodeFellows/401/Project1/HarmonyUs/region.json; sourceTree = "<group>"; };
/* End PBXFileReference section */

/* Begin PBXFrameworksBuildPhase section */
		7CE339CE1D2BAD4800976405 /* Frameworks */ = {
			isa = PBXFrameworksBuildPhase;
			buildActionMask = 2147483647;
			files = (
			);
			runOnlyForDeploymentPostprocessing = 0;
		};
/* End PBXFrameworksBuildPhase section */

/* Begin PBXGroup section */
		7CE339C81D2BAD4800976405 = {
			isa = PBXGroup;
			children = (
				7CE339D31D2BAD4900976405 /* Sesh */,
				7CE339D21D2BAD4900976405 /* Products */,
			);
			sourceTree = "<group>";
		};
		7CE339D21D2BAD4900976405 /* Products */ = {
			isa = PBXGroup;
			children = (
				7CE339D11D2BAD4900976405 /* Sesh.app */,
			);
			name = Products;
			sourceTree = "<group>";
		};
		7CE339D31D2BAD4900976405 /* Sesh */ = {
			isa = PBXGroup;
			children = (
				7CE339E61D2BAD6A00976405 /* Sesh.entitlements */,
				7CE339D41D2BAD4900976405 /* AppDelegate.swift */,
				7CE339D61D2BAD4900976405 /* ViewController.swift */,
				7C4F98061D30491100F6EAB2 /* MusicPlayerViewController.swift */,
				7CE339E91D2BB03A00976405 /* Queries.swift */,
				7CE339EB1D2BBDED00976405 /* Authorization.swift */,
				7CE339D81D2BAD4900976405 /* Main.storyboard */,
				7CE339DB1D2BAD4900976405 /* Assets.xcassets */,
				7CE339DD1D2BAD4900976405 /* LaunchScreen.storyboard */,
				7CE339E01D2BAD4900976405 /* Info.plist */,
				7CE339ED1D2C77C700976405 /* region.json */,
			);
			path = Sesh;
			sourceTree = "<group>";
		};
/* End PBXGroup section */

/* Begin PBXNativeTarget section */
		7CE339D01D2BAD4800976405 /* Sesh */ = {
			isa = PBXNativeTarget;
			buildConfigurationList = 7CE339E31D2BAD4900976405 /* Build configuration list for PBXNativeTarget "Sesh" */;
			buildPhases = (
				7CE339CD1D2BAD4800976405 /* Sources */,
				7CE339CE1D2BAD4800976405 /* Frameworks */,
				7CE339CF1D2BAD4800976405 /* Resources */,
			);
			buildRules = (
			);
			dependencies = (
			);
			name = Sesh;
			productName = Sesh;
			productReference = 7CE339D11D2BAD4900976405 /* Sesh.app */;
			productType = "com.apple.product-type.application";
		};
/* End PBXNativeTarget section */

/* Begin PBXProject section */
		7CE339C91D2BAD4800976405 /* Project object */ = {
			isa = PBXProject;
			attributes = {
				LastSwiftUpdateCheck = 0730;
				LastUpgradeCheck = 0730;
				ORGANIZATIONNAME = "Jacob Dobson";
				TargetAttributes = {
					7CE339D01D2BAD4800976405 = {
						CreatedOnToolsVersion = 7.3.1;
						DevelopmentTeam = HYPCVH7NE6;
						SystemCapabilities = {
							com.apple.iCloud = {
								enabled = 0;
							};
						};
					};
				};
			};
			buildConfigurationList = 7CE339CC1D2BAD4800976405 /* Build configuration list for PBXProject "Sesh" */;
			compatibilityVersion = "Xcode 3.2";
			developmentRegion = English;
			hasScannedForEncodings = 0;
			knownRegions = (
				en,
				Base,
			);
			mainGroup = 7CE339C81D2BAD4800976405;
			productRefGroup = 7CE339D21D2BAD4900976405 /* Products */;
			projectDirPath = "";
			projectRoot = "";
			targets = (
				7CE339D01D2BAD4800976405 /* Sesh */,
			);
		};
/* End PBXProject section */

/* Begin PBXResourcesBuildPhase section */
		7CE339CF1D2BAD4800976405 /* Resources */ = {
			isa = PBXResourcesBuildPhase;
			buildActionMask = 2147483647;
			files = (
				7CE339DF1D2BAD4900976405 /* LaunchScreen.storyboard in Resources */,
				7CE339DC1D2BAD4900976405 /* Assets.xcassets in Resources */,
				7CE339DA1D2BAD4900976405 /* Main.storyboard in Resources */,
				7CE339EE1D2C77C700976405 /* region.json in Resources */,
			);
			runOnlyForDeploymentPostprocessing = 0;
		};
/* End PBXResourcesBuildPhase section */

/* Begin PBXSourcesBuildPhase section */
		7CE339CD1D2BAD4800976405 /* Sources */ = {
			isa = PBXSourcesBuildPhase;
			buildActionMask = 2147483647;
			files = (
				7CE339D71D2BAD4900976405 /* ViewController.swift in Sources */,
				7CE339D51D2BAD4900976405 /* AppDelegate.swift in Sources */,
				7C4F98071D30491100F6EAB2 /* MusicPlayerViewController.swift in Sources */,
				7CE339EA1D2BB03A00976405 /* Queries.swift in Sources */,
				7CE339EC1D2BBDED00976405 /* Authorization.swift in Sources */,
			);
			runOnlyForDeploymentPostprocessing = 0;
		};
/* End PBXSourcesBuildPhase section */

/* Begin PBXVariantGroup section */
		7CE339D81D2BAD4900976405 /* Main.storyboard */ = {
			isa = PBXVariantGroup;
			children = (
				7CE339D91D2BAD4900976405 /* Base */,
			);
			name = Main.storyboard;
			sourceTree = "<group>";
		};
		7CE339DD1D2BAD4900976405 /* LaunchScreen.storyboard */ = {
			isa = PBXVariantGroup;
			children = (
				7CE339DE1D2BAD4900976405 /* Base */,
			);
			name = LaunchScreen.storyboard;
			sourceTree = "<group>";
		};
/* End PBXVariantGroup section */

/* Begin XCBuildConfiguration section */
		7CE339E11D2BAD4900976405 /* Debug */ = {
			isa = XCBuildConfiguration;
			buildSettings = {
				ALWAYS_SEARCH_USER_PATHS = NO;
				CLANG_ANALYZER_NONNULL = YES;
				CLANG_CXX_LANGUAGE_STANDARD = "gnu++0x";
				CLANG_CXX_LIBRARY = "libc++";
				CLANG_ENABLE_MODULES = YES;
				CLANG_ENABLE_OBJC_ARC = YES;
				CLANG_WARN_BOOL_CONVERSION = YES;
				CLANG_WARN_CONSTANT_CONVERSION = YES;
				CLANG_WARN_DIRECT_OBJC_ISA_USAGE = YES_ERROR;
				CLANG_WARN_EMPTY_BODY = YES;
				CLANG_WARN_ENUM_CONVERSION = YES;
				CLANG_WARN_INT_CONVERSION = YES;
				CLANG_WARN_OBJC_ROOT_CLASS = YES_ERROR;
				CLANG_WARN_UNREACHABLE_CODE = YES;
				CLANG_WARN__DUPLICATE_METHOD_MATCH = YES;
				"CODE_SIGN_IDENTITY[sdk=iphoneos*]" = "iPhone Developer";
				COPY_PHASE_STRIP = NO;
				DEBUG_INFORMATION_FORMAT = dwarf;
				ENABLE_STRICT_OBJC_MSGSEND = YES;
				ENABLE_TESTABILITY = YES;
				GCC_C_LANGUAGE_STANDARD = gnu99;
				GCC_DYNAMIC_NO_PIC = NO;
				GCC_NO_COMMON_BLOCKS = YES;
				GCC_OPTIMIZATION_LEVEL = 0;
				GCC_PREPROCESSOR_DEFINITIONS = (
					"DEBUG=1",
					"$(inherited)",
				);
				GCC_WARN_64_TO_32_BIT_CONVERSION = YES;
				GCC_WARN_ABOUT_RETURN_TYPE = YES_ERROR;
				GCC_WARN_UNDECLARED_SELECTOR = YES;
				GCC_WARN_UNINITIALIZED_AUTOS = YES_AGGRESSIVE;
				GCC_WARN_UNUSED_FUNCTION = YES;
				GCC_WARN_UNUSED_VARIABLE = YES;
				IPHONEOS_DEPLOYMENT_TARGET = 9.3;
				MTL_ENABLE_DEBUG_INFO = YES;
				ONLY_ACTIVE_ARCH = YES;
				SDKROOT = iphoneos;
				SWIFT_OPTIMIZATION_LEVEL = "-Onone";
				TARGETED_DEVICE_FAMILY = "1,2";
			};
			name = Debug;
		};
		7CE339E21D2BAD4900976405 /* Release */ = {
			isa = XCBuildConfiguration;
			buildSettings = {
				ALWAYS_SEARCH_USER_PATHS = NO;
				CLANG_ANALYZER_NONNULL = YES;
				CLANG_CXX_LANGUAGE_STANDARD = "gnu++0x";
				CLANG_CXX_LIBRARY = "libc++";
				CLANG_ENABLE_MODULES = YES;
				CLANG_ENABLE_OBJC_ARC = YES;
				CLANG_WARN_BOOL_CONVERSION = YES;
				CLANG_WARN_CONSTANT_CONVERSION = YES;
				CLANG_WARN_DIRECT_OBJC_ISA_USAGE = YES_ERROR;
				CLANG_WARN_EMPTY_BODY = YES;
				CLANG_WARN_ENUM_CONVERSION = YES;
				CLANG_WARN_INT_CONVERSION = YES;
				CLANG_WARN_OBJC_ROOT_CLASS = YES_ERROR;
				CLANG_WARN_UNREACHABLE_CODE = YES;
				CLANG_WARN__DUPLICATE_METHOD_MATCH = YES;
				"CODE_SIGN_IDENTITY[sdk=iphoneos*]" = "iPhone Developer";
				COPY_PHASE_STRIP = NO;
				DEBUG_INFORMATION_FORMAT = "dwarf-with-dsym";
				ENABLE_NS_ASSERTIONS = NO;
				ENABLE_STRICT_OBJC_MSGSEND = YES;
				GCC_C_LANGUAGE_STANDARD = gnu99;
				GCC_NO_COMMON_BLOCKS = YES;
				GCC_WARN_64_TO_32_BIT_CONVERSION = YES;
				GCC_WARN_ABOUT_RETURN_TYPE = YES_ERROR;
				GCC_WARN_UNDECLARED_SELECTOR = YES;
				GCC_WARN_UNINITIALIZED_AUTOS = YES_AGGRESSIVE;
				GCC_WARN_UNUSED_FUNCTION = YES;
				GCC_WARN_UNUSED_VARIABLE = YES;
				IPHONEOS_DEPLOYMENT_TARGET = 9.3;
				MTL_ENABLE_DEBUG_INFO = NO;
				SDKROOT = iphoneos;
				TARGETED_DEVICE_FAMILY = "1,2";
				VALIDATE_PRODUCT = YES;
			};
			name = Release;
		};
		7CE339E41D2BAD4900976405 /* Debug */ = {
			isa = XCBuildConfiguration;
			buildSettings = {
				ASSETCATALOG_COMPILER_APPICON_NAME = AppIcon;
				INFOPLIST_FILE = Sesh/Info.plist;
				LD_RUNPATH_SEARCH_PATHS = "$(inherited) @executable_path/Frameworks";
				PRODUCT_BUNDLE_IDENTIFIER = JD.Sesh;
				PRODUCT_NAME = "$(TARGET_NAME)";
				TARGETED_DEVICE_FAMILY = "1,2";
			};
			name = Debug;
		};
		7CE339E51D2BAD4900976405 /* Release */ = {
			isa = XCBuildConfiguration;
			buildSettings = {
				ASSETCATALOG_COMPILER_APPICON_NAME = AppIcon;
				INFOPLIST_FILE = Sesh/Info.plist;
				LD_RUNPATH_SEARCH_PATHS = "$(inherited) @executable_path/Frameworks";
				PRODUCT_BUNDLE_IDENTIFIER = JD.Sesh;
				PRODUCT_NAME = "$(TARGET_NAME)";
				TARGETED_DEVICE_FAMILY = "1,2";
			};
			name = Release;
		};
/* End XCBuildConfiguration section */

/* Begin XCConfigurationList section */
		7CE339CC1D2BAD4800976405 /* Build configuration list for PBXProject "Sesh" */ = {
			isa = XCConfigurationList;
			buildConfigurations = (
				7CE339E11D2BAD4900976405 /* Debug */,
				7CE339E21D2BAD4900976405 /* Release */,
			);
			defaultConfigurationIsVisible = 0;
			defaultConfigurationName = Release;
		};
		7CE339E31D2BAD4900976405 /* Build configuration list for PBXNativeTarget "Sesh" */ = {
			isa = XCConfigurationList;
			buildConfigurations = (
				7CE339E41D2BAD4900976405 /* Debug */,
				7CE339E51D2BAD4900976405 /* Release */,
			);
			defaultConfigurationIsVisible = 0;
			defaultConfigurationName = Release;
		};
/* End XCConfigurationList section */
	};
	rootObject = 7CE339C91D2BAD4800976405 /* Project object */;
}
